
Microsoft Visual Studio Solution File, Format Version 12.00
# Visual Studio Version 16
VisualStudioVersion = 16.0.29326.143
MinimumVisualStudioVersion = 10.0.40219.1
Project("{FAE04EC0-301F-11D3-BF4B-00C04F79EFBC}") = "Week10Ora2", "Week10Ora2.csproj", "{38876AEB-0FF5-41E7-94BA-DFE63FF20CDD}"
EndProject
Project("{FAE04EC0-301F-11D3-BF4B-00C04F79EFBC}") = "Tema_Matrix", "..\Tema_Matrix\Tema_Matrix.csproj", "{1D54512B-3A1D-4526-A0AF-82188A5459C5}"
EndProject
Global
	GlobalSection(SolutionConfigurationPlatforms) = preSolution
		Debug|Any CPU = Debug|Any CPU
		Release|Any CPU = Release|Any CPU
	EndGlobalSection
	GlobalSection(ProjectConfigurationPlatforms) = postSolution
		{38876AEB-0FF5-41E7-94BA-DFE63FF20CDD}.Debug|Any CPU.ActiveCfg = Debug|Any CPU
		{38876AEB-0FF5-41E7-94BA-DFE63FF20CDD}.Debug|Any CPU.Build.0 = Debug|Any CPU
		{38876AEB-0FF5-41E7-94BA-DFE63FF20CDD}.Release|Any CPU.ActiveCfg = Release|Any CPU
		{38876AEB-0FF5-41E7-94BA-DFE63FF20CDD}.Release|Any CPU.Build.0 = Release|Any CPU
		{1D54512B-3A1D-4526-A0AF-82188A5459C5}.Debug|Any CPU.ActiveCfg = Debug|Any CPU
		{1D54512B-3A1D-4526-A0AF-82188A5459C5}.Debug|Any CPU.Build.0 = Debug|Any CPU
		{1D54512B-3A1D-4526-A0AF-82188A5459C5}.Release|Any CPU.ActiveCfg = Release|Any CPU
		{1D54512B-3A1D-4526-A0AF-82188A5459C5}.Release|Any CPU.Build.0 = Release|Any CPU
	EndGlobalSection
	GlobalSection(SolutionProperties) = preSolution
		HideSolutionNode = FALSE
	EndGlobalSection
	GlobalSection(ExtensibilityGlobals) = postSolution
		SolutionGuid = {09D7FDAD-CC11-4143-A512-E596E24ABF98}
	EndGlobalSection
EndGlobal
